
Microsoft Visual Studio Solution File, Format Version 12.00
# Visual Studio Version 17
VisualStudioVersion = 17.13.35825.156 d17.13
MinimumVisualStudioVersion = 10.0.40219.1
Project("{FAE04EC0-301F-11D3-BF4B-00C04F79EFBC}") = "backend", "backend\backend.csproj", "{E9775D1A-FD7E-4104-B4F7-94C8FE203D7D}"
EndProject
Global
	GlobalSection(SolutionConfigurationPlatforms) = preSolution
		Debug|Any CPU = Debug|Any CPU
		Release|Any CPU = Release|Any CPU
	EndGlobalSection
	GlobalSection(ProjectConfigurationPlatforms) = postSolution
		{E9775D1A-FD7E-4104-B4F7-94C8FE203D7D}.Debug|Any CPU.ActiveCfg = Debug|Any CPU
		{E9775D1A-FD7E-4104-B4F7-94C8FE203D7D}.Debug|Any CPU.Build.0 = Debug|Any CPU
		{E9775D1A-FD7E-4104-B4F7-94C8FE203D7D}.Release|Any CPU.ActiveCfg = Release|Any CPU
		{E9775D1A-FD7E-4104-B4F7-94C8FE203D7D}.Release|Any CPU.Build.0 = Release|Any CPU
	EndGlobalSection
	GlobalSection(SolutionProperties) = preSolution
		HideSolutionNode = FALSE
	EndGlobalSection
	GlobalSection(ExtensibilityGlobals) = postSolution
		SolutionGuid = {070137E5-4BC4-4A3A-B6AB-D78452E3010D}
	EndGlobalSection
EndGlobal
